schema: '2.0'
stages:
  training:
    cmd: python loan_approval\pipeline\training_pipeline.py
    deps:
    - path: loan_approval\components\data_ingestion.py
      hash: md5
      md5: abf452b30028e84c230297bef616ffa4
      size: 1634
    - path: loan_approval\components\data_transformation.py
      hash: md5
      md5: 3f1297f1c0504357b5af08db92491742
      size: 3678
    - path: loan_approval\components\model_evaluation.py
      hash: md5
      md5: 1e5b7e0e8246e58eaa944c1c76baecf5
      size: 2954
    - path: loan_approval\components\model_trainer.py
      hash: md5
      md5: 8bea58daa98bfbd142f44a7620a46411
      size: 2397
    - path: loan_approval\pipeline\training_pipeline.py
      hash: md5
      md5: a3c16ecfb0f39eefb9552d68d197c8c6
      size: 730
    outs:
    - path: artifacts\data.csv
      hash: md5
      md5: 3176867adfc66c11deeea70b45951356
      size: 42749
    - path: artifacts\model.pkl
      hash: md5
      md5: 157ed209ba7f7ad18e72cb644940f03c
      size: 766
    - path: artifacts\preprocessor.pkl
      hash: md5
      md5: 62e6c17c6e64a928ed836a13844fc3db
      size: 2486
    - path: artifacts\test.csv
      hash: md5
      md5: a229ea8edf97ebfee42f5d97f33b5d45
      size: 8741
    - path: artifacts\train.csv
      hash: md5
      md5: eca546f7191faba3a1fe8631f98dbb91
      size: 34558
